{
  "nodes": {
    "android": {
      "inputs": {
        "devshell": "devshell",
        "flake-utils": "flake-utils",
        "nixpkgs": "nixpkgs"
      },
      "locked": {
        "lastModified": 1677270152,
        "narHash": "sha256-0gIcordo3u9MbCA7v6jJQaVlYiBaNjIRl9Xos0objEw=",
        "owner": "tadfisher",
        "repo": "android-nixpkgs",
        "rev": "2c0a909bf0fd20b43e36a2fd13496842227d764b",
        "type": "github"
      },
      "original": {
        "owner": "tadfisher",
        "repo": "android-nixpkgs",
        "type": "github"
      }
    },
    "dart-flutter": {
      "inputs": {
        "android": "android",
        "flake-utils": "flake-utils_2",
        "nixpkgs-small": "nixpkgs-small"
      },
      "locked": {
        "lastModified": 1683989672,
        "narHash": "sha256-3CxbAP0lUT0DMQTeu7hTgOHhSQPH1fbbd8FZzdcTY3g=",
        "path": "/nix/store/mgwjh2dh17sk916r2vcjpc236ssgzkg0-source",
        "type": "path"
      },
      "original": {
        "id": "dart-flutter",
        "type": "indirect"
      }
    },
    "devshell": {
      "inputs": {
        "flake-utils": [
          "dart-flutter",
          "android",
          "nixpkgs"
        ],
        "nixpkgs": [
          "dart-flutter",
          "android",
          "nixpkgs"
        ]
      },
      "locked": {
        "lastModified": 1676293499,
        "narHash": "sha256-uIOTlTxvrXxpKeTvwBI1JGDGtCxMXE3BI0LFwoQMhiQ=",
        "owner": "numtide",
        "repo": "devshell",
        "rev": "71e3022e3ab20bbf1342640547ef5bc14fb43bf4",
        "type": "github"
      },
      "original": {
        "owner": "numtide",
        "repo": "devshell",
        "type": "github"
      }
    },
    "flake-utils": {
      "locked": {
        "lastModified": 1676283394,
        "narHash": "sha256-XX2f9c3iySLCw54rJ/CZs+ZK6IQy7GXNY4nSOyu2QG4=",
        "owner": "numtide",
        "repo": "flake-utils",
        "rev": "3db36a8b464d0c4532ba1c7dda728f4576d6d073",
        "type": "github"
      },
      "original": {
        "owner": "numtide",
        "repo": "flake-utils",
        "type": "github"
      }
    },
    "flake-utils_2": {
      "locked": {
        "lastModified": 1676283394,
        "narHash": "sha256-XX2f9c3iySLCw54rJ/CZs+ZK6IQy7GXNY4nSOyu2QG4=",
        "owner": "numtide",
        "repo": "flake-utils",
        "rev": "3db36a8b464d0c4532ba1c7dda728f4576d6d073",
        "type": "github"
      },
      "original": {
        "owner": "numtide",
        "repo": "flake-utils",
        "type": "github"
      }
    },
    "flake-utils_3": {
      "inputs": {
        "systems": "systems"
      },
      "locked": {
        "lastModified": 1681202837,
        "narHash": "sha256-H+Rh19JDwRtpVPAWp64F+rlEtxUWBAQW28eAi3SRSzg=",
        "owner": "numtide",
        "repo": "flake-utils",
        "rev": "cfacdce06f30d2b68473a46042957675eebb3401",
        "type": "github"
      },
      "original": {
        "owner": "numtide",
        "repo": "flake-utils",
        "type": "github"
      }
    },
    "nixpkgs": {
      "locked": {
        "lastModified": 1683408522,
        "narHash": "sha256-9kcPh6Uxo17a3kK3XCHhcWiV1Yu1kYj22RHiymUhMkU=",
        "owner": "NixOS",
        "repo": "nixpkgs",
        "rev": "897876e4c484f1e8f92009fd11b7d988a121a4e7",
        "type": "github"
      },
      "original": {
        "owner": "NixOS",
        "ref": "nixos-unstable",
        "repo": "nixpkgs",
        "type": "github"
      }
    },
    "nixpkgs-small": {
      "locked": {
        "lastModified": 1683986328,
        "narHash": "sha256-2+EJ8YcJzZ2JtXvo8i2/rxGZ/j6OO3iFbzbF2evvZs0=",
        "path": "/nix/store/d56xqw1y69znipxnrbcswyrjx6ygdi96-source",
        "type": "path"
      },
      "original": {
        "id": "nixpkgs-small",
        "type": "indirect"
      }
    },
    "nixpkgs_2": {
      "locked": {
        "lastModified": 1683408522,
        "narHash": "sha256-9kcPh6Uxo17a3kK3XCHhcWiV1Yu1kYj22RHiymUhMkU=",
        "path": "/nix/store/zjpd6dn9kza8zl3l17cwgyifsxbvi3nb-source",
        "rev": "897876e4c484f1e8f92009fd11b7d988a121a4e7",
        "type": "path"
      },
      "original": {
        "id": "nixpkgs",
        "type": "indirect"
      }
    },
    "root": {
      "inputs": {
        "dart-flutter": "dart-flutter",
        "flake-utils": "flake-utils_3",
        "nixpkgs": "nixpkgs_2"
      }
    },
    "systems": {
      "locked": {
        "lastModified": 1681028828,
        "narHash": "sha256-Vy1rq5AaRuLzOxct8nz4T6wlgyUR7zLU309k9mBC768=",
        "owner": "nix-systems",
        "repo": "default",
        "rev": "da67096a3b9bf56a91d16901293e51ba5b49a27e",
        "type": "github"
      },
      "original": {
        "owner": "nix-systems",
        "repo": "default",
        "type": "github"
      }
    }
  },
  "root": "root",
  "version": 7
}
